// !$*UTF8*$!
{
	archiveVersion = 1;
	classes = {
	};
	objectVersion = 46;
	objects = {

/* Begin PBXBuildFile section */
		9C35A4B41DE4EF8000650581 /* SafariServices.framework in Frameworks */ = {isa = PBXBuildFile; fileRef = 9C35A4B31DE4EF8000650581 /* SafariServices.framework */; };
		9C35A4B61DE4EF8500650581 /* Security.framework in Frameworks */ = {isa = PBXBuildFile; fileRef = 9C35A4B51DE4EF8500650581 /* Security.framework */; };
		9CA121761DAC7FFD000C2FCA /* WebKit.framework in Frameworks */ = {isa = PBXBuildFile; fileRef = 9CA121751DAC7FFD000C2FCA /* WebKit.framework */; };
		A2BD20971AC8A731007F7181 /* QSTodoDataModel.xcdatamodeld in Sources */ = {isa = PBXBuildFile; fileRef = A2BD20951AC8A731007F7181 /* QSTodoDataModel.xcdatamodeld */; };
		A2D9CBC41943C2540017F096 /* AppDelegate.swift in Sources */ = {isa = PBXBuildFile; fileRef = A2D9CBC31943C2540017F096 /* AppDelegate.swift */; };
		A2D9CBCC1943C2540017F096 /* Main.storyboard in Resources */ = {isa = PBXBuildFile; fileRef = A2D9CBCA1943C2540017F096 /* Main.storyboard */; };
		A2D9CBCE1943C2540017F096 /* Images.xcassets in Resources */ = {isa = PBXBuildFile; fileRef = A2D9CBCD1943C2540017F096 /* Images.xcassets */; };
		A31A89F71BF3FDFA00C7B656 /* Launch Screen.storyboard in Resources */ = {isa = PBXBuildFile; fileRef = A31A89F61BF3FDFA00C7B656 /* Launch Screen.storyboard */; };
		A3BBD77D1C05181600DD0DB0 /* MicrosoftAzureMobile.framework in Frameworks */ = {isa = PBXBuildFile; fileRef = A3BBD77C1C05181600DD0DB0 /* MicrosoftAzureMobile.framework */; };
		B415128D208B70EF00FF9261 /* LoginViewController.swift in Sources */ = {isa = PBXBuildFile; fileRef = B415128C208B70EF00FF9261 /* LoginViewController.swift */; };
		B4151290208B77D000FF9261 /* AkcijaCollectionViewCell.swift in Sources */ = {isa = PBXBuildFile; fileRef = B415128E208B77D000FF9261 /* AkcijaCollectionViewCell.swift */; };
		B4151291208B77D000FF9261 /* AkcijaCollectionViewCell.xib in Resources */ = {isa = PBXBuildFile; fileRef = B415128F208B77D000FF9261 /* AkcijaCollectionViewCell.xib */; };
		B4151293208B77E800FF9261 /* HomeViewController.swift in Sources */ = {isa = PBXBuildFile; fileRef = B4151292208B77E800FF9261 /* HomeViewController.swift */; };
		B4151295208B7A2100FF9261 /* UIStoryboard+V.swift in Sources */ = {isa = PBXBuildFile; fileRef = B4151294208B7A2100FF9261 /* UIStoryboard+V.swift */; };
		B4151297208B7A3000FF9261 /* UITableView+V.swift in Sources */ = {isa = PBXBuildFile; fileRef = B4151296208B7A3000FF9261 /* UITableView+V.swift */; };
		B4151299208B7A3C00FF9261 /* UICollectionView+V.swift in Sources */ = {isa = PBXBuildFile; fileRef = B4151298208B7A3C00FF9261 /* UICollectionView+V.swift */; };
		B415129C208B818900FF9261 /* AkcijaDetailViewController.swift in Sources */ = {isa = PBXBuildFile; fileRef = B415129B208B818900FF9261 /* AkcijaDetailViewController.swift */; };
		B415129E208B876300FF9261 /* GoingPeopleCollectionViewCell.swift in Sources */ = {isa = PBXBuildFile; fileRef = B415129D208B876300FF9261 /* GoingPeopleCollectionViewCell.swift */; };
		B41512A1208B89CE00FF9261 /* StatusTableViewCell.swift in Sources */ = {isa = PBXBuildFile; fileRef = B415129F208B89CE00FF9261 /* StatusTableViewCell.swift */; };
		B41512A2208B89CE00FF9261 /* StatusTableViewCell.xib in Resources */ = {isa = PBXBuildFile; fileRef = B41512A0208B89CE00FF9261 /* StatusTableViewCell.xib */; };
		B41512A6208B95ED00FF9261 /* SearchViewController.swift in Sources */ = {isa = PBXBuildFile; fileRef = B41512A5208B95ED00FF9261 /* SearchViewController.swift */; };
/* End PBXBuildFile section */

/* Begin PBXFileReference section */
		9C35A4B31DE4EF8000650581 /* SafariServices.framework */ = {isa = PBXFileReference; lastKnownFileType = wrapper.framework; name = SafariServices.framework; path = System/Library/Frameworks/SafariServices.framework; sourceTree = SDKROOT; };
		9C35A4B51DE4EF8500650581 /* Security.framework */ = {isa = PBXFileReference; lastKnownFileType = wrapper.framework; name = Security.framework; path = System/Library/Frameworks/Security.framework; sourceTree = SDKROOT; };
		9CA121751DAC7FFD000C2FCA /* WebKit.framework */ = {isa = PBXFileReference; lastKnownFileType = wrapper.framework; name = WebKit.framework; path = System/Library/Frameworks/WebKit.framework; sourceTree = SDKROOT; };
		A2BD20961AC8A731007F7181 /* QSTodoDataModel.xcdatamodel */ = {isa = PBXFileReference; lastKnownFileType = wrapper.xcdatamodel; path = QSTodoDataModel.xcdatamodel; sourceTree = "<group>"; };
		A2D9CBBE1943C2540017F096 /* Volontiraj.app */ = {isa = PBXFileReference; explicitFileType = wrapper.application; includeInIndex = 0; path = Volontiraj.app; sourceTree = BUILT_PRODUCTS_DIR; };
		A2D9CBC21943C2540017F096 /* Info.plist */ = {isa = PBXFileReference; lastKnownFileType = text.plist.xml; path = Info.plist; sourceTree = "<group>"; };
		A2D9CBC31943C2540017F096 /* AppDelegate.swift */ = {isa = PBXFileReference; lastKnownFileType = sourcecode.swift; path = AppDelegate.swift; sourceTree = "<group>"; };
		A2D9CBCB1943C2540017F096 /* Base */ = {isa = PBXFileReference; lastKnownFileType = file.storyboard; name = Base; path = Base.lproj/Main.storyboard; sourceTree = "<group>"; };
		A2D9CBCD1943C2540017F096 /* Images.xcassets */ = {isa = PBXFileReference; lastKnownFileType = folder.assetcatalog; path = Images.xcassets; sourceTree = "<group>"; };
		A2D9CBE81943D1340017F096 /* Volontiraj-Bridging-Header.h */ = {isa = PBXFileReference; lastKnownFileType = sourcecode.c.h; path = "Volontiraj-Bridging-Header.h"; sourceTree = "<group>"; };
		A31A89F61BF3FDFA00C7B656 /* Launch Screen.storyboard */ = {isa = PBXFileReference; fileEncoding = 4; lastKnownFileType = file.storyboard; path = "Launch Screen.storyboard"; sourceTree = "<group>"; };
		A3BBD77C1C05181600DD0DB0 /* MicrosoftAzureMobile.framework */ = {isa = PBXFileReference; lastKnownFileType = wrapper.framework; path = MicrosoftAzureMobile.framework; sourceTree = "<group>"; };
		B415128C208B70EF00FF9261 /* LoginViewController.swift */ = {isa = PBXFileReference; lastKnownFileType = sourcecode.swift; path = LoginViewController.swift; sourceTree = "<group>"; };
		B415128E208B77D000FF9261 /* AkcijaCollectionViewCell.swift */ = {isa = PBXFileReference; lastKnownFileType = sourcecode.swift; path = AkcijaCollectionViewCell.swift; sourceTree = "<group>"; };
		B415128F208B77D000FF9261 /* AkcijaCollectionViewCell.xib */ = {isa = PBXFileReference; lastKnownFileType = file.xib; path = AkcijaCollectionViewCell.xib; sourceTree = "<group>"; };
		B4151292208B77E800FF9261 /* HomeViewController.swift */ = {isa = PBXFileReference; lastKnownFileType = sourcecode.swift; path = HomeViewController.swift; sourceTree = "<group>"; };
		B4151294208B7A2100FF9261 /* UIStoryboard+V.swift */ = {isa = PBXFileReference; lastKnownFileType = sourcecode.swift; path = "UIStoryboard+V.swift"; sourceTree = "<group>"; };
		B4151296208B7A3000FF9261 /* UITableView+V.swift */ = {isa = PBXFileReference; lastKnownFileType = sourcecode.swift; path = "UITableView+V.swift"; sourceTree = "<group>"; };
		B4151298208B7A3C00FF9261 /* UICollectionView+V.swift */ = {isa = PBXFileReference; lastKnownFileType = sourcecode.swift; path = "UICollectionView+V.swift"; sourceTree = "<group>"; };
		B415129B208B818900FF9261 /* AkcijaDetailViewController.swift */ = {isa = PBXFileReference; lastKnownFileType = sourcecode.swift; path = AkcijaDetailViewController.swift; sourceTree = "<group>"; };
		B415129D208B876300FF9261 /* GoingPeopleCollectionViewCell.swift */ = {isa = PBXFileReference; lastKnownFileType = sourcecode.swift; path = GoingPeopleCollectionViewCell.swift; sourceTree = "<group>"; };
		B415129F208B89CE00FF9261 /* StatusTableViewCell.swift */ = {isa = PBXFileReference; lastKnownFileType = sourcecode.swift; path = StatusTableViewCell.swift; sourceTree = "<group>"; };
		B41512A0208B89CE00FF9261 /* StatusTableViewCell.xib */ = {isa = PBXFileReference; lastKnownFileType = file.xib; path = StatusTableViewCell.xib; sourceTree = "<group>"; };
		B41512A5208B95ED00FF9261 /* SearchViewController.swift */ = {isa = PBXFileReference; lastKnownFileType = sourcecode.swift; path = SearchViewController.swift; sourceTree = "<group>"; };
/* End PBXFileReference section */

/* Begin PBXFrameworksBuildPhase section */
		A2D9CBBB1943C2540017F096 /* Frameworks */ = {
			isa = PBXFrameworksBuildPhase;
			buildActionMask = 2147483647;
			files = (
				9C35A4B61DE4EF8500650581 /* Security.framework in Frameworks */,
				9C35A4B41DE4EF8000650581 /* SafariServices.framework in Frameworks */,
				9CA121761DAC7FFD000C2FCA /* WebKit.framework in Frameworks */,
				A3BBD77D1C05181600DD0DB0 /* MicrosoftAzureMobile.framework in Frameworks */,
			);
			runOnlyForDeploymentPostprocessing = 0;
		};
/* End PBXFrameworksBuildPhase section */

/* Begin PBXGroup section */
		9CA121741DAC7FFD000C2FCA /* Frameworks */ = {
			isa = PBXGroup;
			children = (
				9C35A4B51DE4EF8500650581 /* Security.framework */,
				9C35A4B31DE4EF8000650581 /* SafariServices.framework */,
				9CA121751DAC7FFD000C2FCA /* WebKit.framework */,
			);
			name = Frameworks;
			sourceTree = "<group>";
		};
		A2D9CBB51943C2540017F096 = {
			isa = PBXGroup;
			children = (
				A2D9CBC01943C2540017F096 /* Volontiraj */,
				A2D9CBBF1943C2540017F096 /* Products */,
				9CA121741DAC7FFD000C2FCA /* Frameworks */,
			);
			sourceTree = "<group>";
		};
		A2D9CBBF1943C2540017F096 /* Products */ = {
			isa = PBXGroup;
			children = (
				A2D9CBBE1943C2540017F096 /* Volontiraj.app */,
			);
			name = Products;
			sourceTree = "<group>";
		};
		A2D9CBC01943C2540017F096 /* Volontiraj */ = {
			isa = PBXGroup;
			children = (
				A2BD20951AC8A731007F7181 /* QSTodoDataModel.xcdatamodeld */,
				A2D9CBC31943C2540017F096 /* AppDelegate.swift */,
				A2D9CBCA1943C2540017F096 /* Main.storyboard */,
				B415128C208B70EF00FF9261 /* LoginViewController.swift */,
				B41512A5208B95ED00FF9261 /* SearchViewController.swift */,
				B41512A4208B8ACB00FF9261 /* Home */,
				B41512A3208B8ABE00FF9261 /* Akcija Detail */,
				A2D9CBCD1943C2540017F096 /* Images.xcassets */,
				B415129A208B7A4600FF9261 /* Extensions */,
				A2D9CBC11943C2540017F096 /* Supporting Files */,
				A2D9CBE51943CB520017F096 /* frameworks */,
				A2D9CBE81943D1340017F096 /* Volontiraj-Bridging-Header.h */,
				A31A89F61BF3FDFA00C7B656 /* Launch Screen.storyboard */,
			);
			path = Volontiraj;
			sourceTree = "<group>";
		};
		A2D9CBC11943C2540017F096 /* Supporting Files */ = {
			isa = PBXGroup;
			children = (
				A2D9CBC21943C2540017F096 /* Info.plist */,
			);
			name = "Supporting Files";
			sourceTree = "<group>";
		};
		A2D9CBE51943CB520017F096 /* frameworks */ = {
			isa = PBXGroup;
			children = (
				A3BBD77C1C05181600DD0DB0 /* MicrosoftAzureMobile.framework */,
			);
			name = frameworks;
			path = ..;
			sourceTree = "<group>";
		};
		B415129A208B7A4600FF9261 /* Extensions */ = {
			isa = PBXGroup;
			children = (
				B4151294208B7A2100FF9261 /* UIStoryboard+V.swift */,
				B4151296208B7A3000FF9261 /* UITableView+V.swift */,
				B4151298208B7A3C00FF9261 /* UICollectionView+V.swift */,
			);
			path = Extensions;
			sourceTree = "<group>";
		};
		B41512A3208B8ABE00FF9261 /* Akcija Detail */ = {
			isa = PBXGroup;
			children = (
				B415129B208B818900FF9261 /* AkcijaDetailViewController.swift */,
				B415129D208B876300FF9261 /* GoingPeopleCollectionViewCell.swift */,
			);
			path = "Akcija Detail";
			sourceTree = "<group>";
		};
		B41512A4208B8ACB00FF9261 /* Home */ = {
			isa = PBXGroup;
			children = (
				B4151292208B77E800FF9261 /* HomeViewController.swift */,
				B415128E208B77D000FF9261 /* AkcijaCollectionViewCell.swift */,
				B415128F208B77D000FF9261 /* AkcijaCollectionViewCell.xib */,
				B415129F208B89CE00FF9261 /* StatusTableViewCell.swift */,
				B41512A0208B89CE00FF9261 /* StatusTableViewCell.xib */,
			);
			path = Home;
			sourceTree = "<group>";
		};
/* End PBXGroup section */

/* Begin PBXNativeTarget section */
		A2D9CBBD1943C2540017F096 /* Volontiraj */ = {
			isa = PBXNativeTarget;
			buildConfigurationList = A2D9CBDD1943C2540017F096 /* Build configuration list for PBXNativeTarget "Volontiraj" */;
			buildPhases = (
				A2D9CBBA1943C2540017F096 /* Sources */,
				A2D9CBBB1943C2540017F096 /* Frameworks */,
				A2D9CBBC1943C2540017F096 /* Resources */,
			);
			buildRules = (
			);
			dependencies = (
			);
			name = Volontiraj;
			productName = Volontiraj;
			productReference = A2D9CBBE1943C2540017F096 /* Volontiraj.app */;
			productType = "com.apple.product-type.application";
		};
/* End PBXNativeTarget section */

/* Begin PBXProject section */
		A2D9CBB61943C2540017F096 /* Project object */ = {
			isa = PBXProject;
			attributes = {
				LastSwiftMigration = 0700;
				LastSwiftUpdateCheck = 0700;
				LastUpgradeCheck = 0920;
				ORGANIZATIONNAME = Microsoft;
				TargetAttributes = {
					A2D9CBBD1943C2540017F096 = {
						CreatedOnToolsVersion = 6.0;
						DevelopmentTeam = 5J7U5C6D83;
						LastSwiftMigration = 0920;
					};
				};
			};
			buildConfigurationList = A2D9CBB91943C2540017F096 /* Build configuration list for PBXProject "Volontiraj" */;
			compatibilityVersion = "Xcode 3.2";
			developmentRegion = English;
			hasScannedForEncodings = 0;
			knownRegions = (
				en,
				Base,
			);
			mainGroup = A2D9CBB51943C2540017F096;
			productRefGroup = A2D9CBBF1943C2540017F096 /* Products */;
			projectDirPath = "";
			projectRoot = "";
			targets = (
				A2D9CBBD1943C2540017F096 /* Volontiraj */,
			);
		};
/* End PBXProject section */

/* Begin PBXResourcesBuildPhase section */
		A2D9CBBC1943C2540017F096 /* Resources */ = {
			isa = PBXResourcesBuildPhase;
			buildActionMask = 2147483647;
			files = (
				A2D9CBCC1943C2540017F096 /* Main.storyboard in Resources */,
				B41512A2208B89CE00FF9261 /* StatusTableViewCell.xib in Resources */,
				A2D9CBCE1943C2540017F096 /* Images.xcassets in Resources */,
				A31A89F71BF3FDFA00C7B656 /* Launch Screen.storyboard in Resources */,
				B4151291208B77D000FF9261 /* AkcijaCollectionViewCell.xib in Resources */,
			);
			runOnlyForDeploymentPostprocessing = 0;
		};
/* End PBXResourcesBuildPhase section */

/* Begin PBXSourcesBuildPhase section */
		A2D9CBBA1943C2540017F096 /* Sources */ = {
			isa = PBXSourcesBuildPhase;
			buildActionMask = 2147483647;
			files = (
				B4151293208B77E800FF9261 /* HomeViewController.swift in Sources */,
				B4151299208B7A3C00FF9261 /* UICollectionView+V.swift in Sources */,
				B415128D208B70EF00FF9261 /* LoginViewController.swift in Sources */,
				B415129C208B818900FF9261 /* AkcijaDetailViewController.swift in Sources */,
				B415129E208B876300FF9261 /* GoingPeopleCollectionViewCell.swift in Sources */,
				A2BD20971AC8A731007F7181 /* QSTodoDataModel.xcdatamodeld in Sources */,
				B41512A6208B95ED00FF9261 /* SearchViewController.swift in Sources */,
				B4151295208B7A2100FF9261 /* UIStoryboard+V.swift in Sources */,
				B4151297208B7A3000FF9261 /* UITableView+V.swift in Sources */,
				A2D9CBC41943C2540017F096 /* AppDelegate.swift in Sources */,
				B4151290208B77D000FF9261 /* AkcijaCollectionViewCell.swift in Sources */,
				B41512A1208B89CE00FF9261 /* StatusTableViewCell.swift in Sources */,
			);
			runOnlyForDeploymentPostprocessing = 0;
		};
/* End PBXSourcesBuildPhase section */

/* Begin PBXVariantGroup section */
		A2D9CBCA1943C2540017F096 /* Main.storyboard */ = {
			isa = PBXVariantGroup;
			children = (
				A2D9CBCB1943C2540017F096 /* Base */,
			);
			name = Main.storyboard;
			sourceTree = "<group>";
		};
/* End PBXVariantGroup section */

/* Begin XCBuildConfiguration section */
		A2D9CBDB1943C2540017F096 /* Debug */ = {
			isa = XCBuildConfiguration;
			buildSettings = {
				ALWAYS_SEARCH_USER_PATHS = NO;
				CLANG_CXX_LANGUAGE_STANDARD = "gnu++0x";
				CLANG_CXX_LIBRARY = "libc++";
				CLANG_ENABLE_MODULES = YES;
				CLANG_ENABLE_OBJC_ARC = YES;
				CLANG_WARN_BLOCK_CAPTURE_AUTORELEASING = YES;
				CLANG_WARN_BOOL_CONVERSION = YES;
				CLANG_WARN_COMMA = YES;
				CLANG_WARN_CONSTANT_CONVERSION = YES;
				CLANG_WARN_DIRECT_OBJC_ISA_USAGE = YES_ERROR;
				CLANG_WARN_EMPTY_BODY = YES;
				CLANG_WARN_ENUM_CONVERSION = YES;
				CLANG_WARN_INFINITE_RECURSION = YES;
				CLANG_WARN_INT_CONVERSION = YES;
				CLANG_WARN_NON_LITERAL_NULL_CONVERSION = YES;
				CLANG_WARN_OBJC_LITERAL_CONVERSION = YES;
				CLANG_WARN_OBJC_ROOT_CLASS = YES_ERROR;
				CLANG_WARN_RANGE_LOOP_ANALYSIS = YES;
				CLANG_WARN_STRICT_PROTOTYPES = YES;
				CLANG_WARN_SUSPICIOUS_MOVE = YES;
				CLANG_WARN_UNREACHABLE_CODE = YES;
				CLANG_WARN__DUPLICATE_METHOD_MATCH = YES;
				"CODE_SIGN_IDENTITY[sdk=iphoneos*]" = "iPhone Developer";
				COPY_PHASE_STRIP = NO;
				DEBUG_INFORMATION_FORMAT = dwarf;
				ENABLE_STRICT_OBJC_MSGSEND = YES;
				ENABLE_TESTABILITY = YES;
				GCC_C_LANGUAGE_STANDARD = gnu99;
				GCC_DYNAMIC_NO_PIC = NO;
				GCC_NO_COMMON_BLOCKS = YES;
				GCC_OPTIMIZATION_LEVEL = 0;
				GCC_PREPROCESSOR_DEFINITIONS = (
					"DEBUG=1",
					"$(inherited)",
				);
				GCC_SYMBOLS_PRIVATE_EXTERN = NO;
				GCC_WARN_64_TO_32_BIT_CONVERSION = YES;
				GCC_WARN_ABOUT_RETURN_TYPE = YES_ERROR;
				GCC_WARN_UNDECLARED_SELECTOR = YES;
				GCC_WARN_UNINITIALIZED_AUTOS = YES_AGGRESSIVE;
				GCC_WARN_UNUSED_FUNCTION = YES;
				GCC_WARN_UNUSED_VARIABLE = YES;
				IPHONEOS_DEPLOYMENT_TARGET = 9.0;
				METAL_ENABLE_DEBUG_INFO = YES;
				ONLY_ACTIVE_ARCH = YES;
				SDKROOT = iphoneos;
				SWIFT_OPTIMIZATION_LEVEL = "-Onone";
				SWIFT_VERSION = 3.0;
				TARGETED_DEVICE_FAMILY = "1,2";
			};
			name = Debug;
		};
		A2D9CBDC1943C2540017F096 /* Release */ = {
			isa = XCBuildConfiguration;
			buildSettings = {
				ALWAYS_SEARCH_USER_PATHS = NO;
				CLANG_CXX_LANGUAGE_STANDARD = "gnu++0x";
				CLANG_CXX_LIBRARY = "libc++";
				CLANG_ENABLE_MODULES = YES;
				CLANG_ENABLE_OBJC_ARC = YES;
				CLANG_WARN_BLOCK_CAPTURE_AUTORELEASING = YES;
				CLANG_WARN_BOOL_CONVERSION = YES;
				CLANG_WARN_COMMA = YES;
				CLANG_WARN_CONSTANT_CONVERSION = YES;
				CLANG_WARN_DIRECT_OBJC_ISA_USAGE = YES_ERROR;
				CLANG_WARN_EMPTY_BODY = YES;
				CLANG_WARN_ENUM_CONVERSION = YES;
				CLANG_WARN_INFINITE_RECURSION = YES;
				CLANG_WARN_INT_CONVERSION = YES;
				CLANG_WARN_NON_LITERAL_NULL_CONVERSION = YES;
				CLANG_WARN_OBJC_LITERAL_CONVERSION = YES;
				CLANG_WARN_OBJC_ROOT_CLASS = YES_ERROR;
				CLANG_WARN_RANGE_LOOP_ANALYSIS = YES;
				CLANG_WARN_STRICT_PROTOTYPES = YES;
				CLANG_WARN_SUSPICIOUS_MOVE = YES;
				CLANG_WARN_UNREACHABLE_CODE = YES;
				CLANG_WARN__DUPLICATE_METHOD_MATCH = YES;
				"CODE_SIGN_IDENTITY[sdk=iphoneos*]" = "iPhone Developer";
				COPY_PHASE_STRIP = YES;
				ENABLE_NS_ASSERTIONS = NO;
				ENABLE_STRICT_OBJC_MSGSEND = YES;
				GCC_C_LANGUAGE_STANDARD = gnu99;
				GCC_NO_COMMON_BLOCKS = YES;
				GCC_WARN_64_TO_32_BIT_CONVERSION = YES;
				GCC_WARN_ABOUT_RETURN_TYPE = YES_ERROR;
				GCC_WARN_UNDECLARED_SELECTOR = YES;
				GCC_WARN_UNINITIALIZED_AUTOS = YES_AGGRESSIVE;
				GCC_WARN_UNUSED_FUNCTION = YES;
				GCC_WARN_UNUSED_VARIABLE = YES;
				IPHONEOS_DEPLOYMENT_TARGET = 9.0;
				METAL_ENABLE_DEBUG_INFO = NO;
				SDKROOT = iphoneos;
				SWIFT_OPTIMIZATION_LEVEL = "-Owholemodule";
				SWIFT_VERSION = 3.0;
				TARGETED_DEVICE_FAMILY = "1,2";
				VALIDATE_PRODUCT = YES;
			};
			name = Release;
		};
		A2D9CBDE1943C2540017F096 /* Debug */ = {
			isa = XCBuildConfiguration;
			buildSettings = {
				ASSETCATALOG_COMPILER_APPICON_NAME = AppIcon;
				CLANG_ENABLE_MODULES = YES;
				DEBUG_INFORMATION_FORMAT = dwarf;
				DEVELOPMENT_TEAM = 5J7U5C6D83;
				FRAMEWORK_SEARCH_PATHS = (
					"$(inherited)",
					"$(PROJECT_DIR)",
				);
				INFOPLIST_FILE = Volontiraj/Info.plist;
				IPHONEOS_DEPLOYMENT_TARGET = 9.0;
				LD_RUNPATH_SEARCH_PATHS = "$(inherited) @executable_path/Frameworks";
				PRODUCT_BUNDLE_IDENTIFIER = "Microsoft.${PRODUCT_NAME:rfc1034identifier}";
				PRODUCT_NAME = "$(TARGET_NAME)";
				SWIFT_OBJC_BRIDGING_HEADER = "Volontiraj/Volontiraj-Bridging-Header.h";
				SWIFT_OPTIMIZATION_LEVEL = "-Onone";
				SWIFT_SWIFT3_OBJC_INFERENCE = On;
				SWIFT_VERSION = 4.0;
			};
			name = Debug;
		};
		A2D9CBDF1943C2540017F096 /* Release */ = {
			isa = XCBuildConfiguration;
			buildSettings = {
				ASSETCATALOG_COMPILER_APPICON_NAME = AppIcon;
				CLANG_ENABLE_MODULES = YES;
				DEVELOPMENT_TEAM = 5J7U5C6D83;
				FRAMEWORK_SEARCH_PATHS = (
					"$(inherited)",
					"$(PROJECT_DIR)",
				);
				INFOPLIST_FILE = Volontiraj/Info.plist;
				IPHONEOS_DEPLOYMENT_TARGET = 9.0;
				LD_RUNPATH_SEARCH_PATHS = "$(inherited) @executable_path/Frameworks";
				PRODUCT_BUNDLE_IDENTIFIER = "Microsoft.${PRODUCT_NAME:rfc1034identifier}";
				PRODUCT_NAME = "$(TARGET_NAME)";
				SWIFT_OBJC_BRIDGING_HEADER = "Volontiraj/Volontiraj-Bridging-Header.h";
				SWIFT_SWIFT3_OBJC_INFERENCE = On;
				SWIFT_VERSION = 4.0;
			};
			name = Release;
		};
/* End XCBuildConfiguration section */

/* Begin XCConfigurationList section */
		A2D9CBB91943C2540017F096 /* Build configuration list for PBXProject "Volontiraj" */ = {
			isa = XCConfigurationList;
			buildConfigurations = (
				A2D9CBDB1943C2540017F096 /* Debug */,
				A2D9CBDC1943C2540017F096 /* Release */,
			);
			defaultConfigurationIsVisible = 0;
			defaultConfigurationName = Release;
		};
		A2D9CBDD1943C2540017F096 /* Build configuration list for PBXNativeTarget "Volontiraj" */ = {
			isa = XCConfigurationList;
			buildConfigurations = (
				A2D9CBDE1943C2540017F096 /* Debug */,
				A2D9CBDF1943C2540017F096 /* Release */,
			);
			defaultConfigurationIsVisible = 0;
			defaultConfigurationName = Release;
		};
/* End XCConfigurationList section */

/* Begin XCVersionGroup section */
		A2BD20951AC8A731007F7181 /* QSTodoDataModel.xcdatamodeld */ = {
			isa = XCVersionGroup;
			children = (
				A2BD20961AC8A731007F7181 /* QSTodoDataModel.xcdatamodel */,
			);
			currentVersion = A2BD20961AC8A731007F7181 /* QSTodoDataModel.xcdatamodel */;
			path = QSTodoDataModel.xcdatamodeld;
			sourceTree = "<group>";
			versionGroupType = wrapper.xcdatamodel;
		};
/* End XCVersionGroup section */
	};
	rootObject = A2D9CBB61943C2540017F096 /* Project object */;
}
